// !$*UTF8*$!
{
	archiveVersion = 1;
	classes = {
	};
	objectVersion = 50;
	objects = {

/* Begin PBXBuildFile section */
		91AF2CBF2579706C00B024BD /* AppDelegate.swift in Sources */ = {isa = PBXBuildFile; fileRef = 91AF2CBE2579706C00B024BD /* AppDelegate.swift */; };
		91AF2CC12579706C00B024BD /* SceneDelegate.swift in Sources */ = {isa = PBXBuildFile; fileRef = 91AF2CC02579706C00B024BD /* SceneDelegate.swift */; };
		91AF2CC32579706C00B024BD /* ViewController.swift in Sources */ = {isa = PBXBuildFile; fileRef = 91AF2CC22579706C00B024BD /* ViewController.swift */; };
		91AF2CC62579706C00B024BD /* Main.storyboard in Resources */ = {isa = PBXBuildFile; fileRef = 91AF2CC42579706C00B024BD /* Main.storyboard */; };
		91AF2CC82579706F00B024BD /* Assets.xcassets in Resources */ = {isa = PBXBuildFile; fileRef = 91AF2CC72579706F00B024BD /* Assets.xcassets */; };
		91AF2CCB2579706F00B024BD /* LaunchScreen.storyboard in Resources */ = {isa = PBXBuildFile; fileRef = 91AF2CC92579706F00B024BD /* LaunchScreen.storyboard */; };
/* End PBXBuildFile section */

/* Begin PBXFileReference section */
		91AF2CBB2579706C00B024BD /* CardWorkout-PRO.app */ = {isa = PBXFileReference; explicitFileType = wrapper.application; includeInIndex = 0; path = "CardWorkout-PRO.app"; sourceTree = BUILT_PRODUCTS_DIR; };
		91AF2CBE2579706C00B024BD /* AppDelegate.swift */ = {isa = PBXFileReference; lastKnownFileType = sourcecode.swift; path = AppDelegate.swift; sourceTree = "<group>"; };
		91AF2CC02579706C00B024BD /* SceneDelegate.swift */ = {isa = PBXFileReference; lastKnownFileType = sourcecode.swift; path = SceneDelegate.swift; sourceTree = "<group>"; };
		91AF2CC22579706C00B024BD /* ViewController.swift */ = {isa = PBXFileReference; lastKnownFileType = sourcecode.swift; path = ViewController.swift; sourceTree = "<group>"; };
		91AF2CC52579706C00B024BD /* Base */ = {isa = PBXFileReference; lastKnownFileType = file.storyboard; name = Base; path = Base.lproj/Main.storyboard; sourceTree = "<group>"; };
		91AF2CC72579706F00B024BD /* Assets.xcassets */ = {isa = PBXFileReference; lastKnownFileType = folder.assetcatalog; path = Assets.xcassets; sourceTree = "<group>"; };
		91AF2CCA2579706F00B024BD /* Base */ = {isa = PBXFileReference; lastKnownFileType = file.storyboard; name = Base; path = Base.lproj/LaunchScreen.storyboard; sourceTree = "<group>"; };
		91AF2CCC2579706F00B024BD /* Info.plist */ = {isa = PBXFileReference; lastKnownFileType = text.plist.xml; path = Info.plist; sourceTree = "<group>"; };
/* End PBXFileReference section */

/* Begin PBXFrameworksBuildPhase section */
		91AF2CB82579706C00B024BD /* Frameworks */ = {
			isa = PBXFrameworksBuildPhase;
			buildActionMask = 2147483647;
			files = (
			);
			runOnlyForDeploymentPostprocessing = 0;
		};
/* End PBXFrameworksBuildPhase section */

/* Begin PBXGroup section */
		91AF2CB22579706C00B024BD = {
			isa = PBXGroup;
			children = (
				91AF2CBD2579706C00B024BD /* CardWorkout-PRO */,
				91AF2CBC2579706C00B024BD /* Products */,
			);
			sourceTree = "<group>";
		};
		91AF2CBC2579706C00B024BD /* Products */ = {
			isa = PBXGroup;
			children = (
				91AF2CBB2579706C00B024BD /* CardWorkout-PRO.app */,
			);
			name = Products;
			sourceTree = "<group>";
		};
		91AF2CBD2579706C00B024BD /* CardWorkout-PRO */ = {
			isa = PBXGroup;
			children = (
				91AF2CBE2579706C00B024BD /* AppDelegate.swift */,
				91AF2CC02579706C00B024BD /* SceneDelegate.swift */,
				91AF2CC22579706C00B024BD /* ViewController.swift */,
				91AF2CC42579706C00B024BD /* Main.storyboard */,
				91AF2CC72579706F00B024BD /* Assets.xcassets */,
				91AF2CC92579706F00B024BD /* LaunchScreen.storyboard */,
				91AF2CCC2579706F00B024BD /* Info.plist */,
			);
			path = "CardWorkout-PRO";
			sourceTree = "<group>";
		};
/* End PBXGroup section */

/* Begin PBXNativeTarget section */
		91AF2CBA2579706C00B024BD /* CardWorkout-PRO */ = {
			isa = PBXNativeTarget;
			buildConfigurationList = 91AF2CCF2579706F00B024BD /* Build configuration list for PBXNativeTarget "CardWorkout-PRO" */;
			buildPhases = (
				91AF2CB72579706C00B024BD /* Sources */,
				91AF2CB82579706C00B024BD /* Frameworks */,
				91AF2CB92579706C00B024BD /* Resources */,
			);
			buildRules = (
			);
			dependencies = (
			);
			name = "CardWorkout-PRO";
			productName = "CardWorkout-PRO";
			productReference = 91AF2CBB2579706C00B024BD /* CardWorkout-PRO.app */;
			productType = "com.apple.product-type.application";
		};
/* End PBXNativeTarget section */

/* Begin PBXProject section */
		91AF2CB32579706C00B024BD /* Project object */ = {
			isa = PBXProject;
			attributes = {
				LastSwiftUpdateCheck = 1220;
				LastUpgradeCheck = 1220;
				TargetAttributes = {
					91AF2CBA2579706C00B024BD = {
						CreatedOnToolsVersion = 12.2;
					};
				};
			};
			buildConfigurationList = 91AF2CB62579706C00B024BD /* Build configuration list for PBXProject "CardWorkout-PRO" */;
			compatibilityVersion = "Xcode 9.3";
			developmentRegion = en;
			hasScannedForEncodings = 0;
			knownRegions = (
				en,
				Base,
			);
			mainGroup = 91AF2CB22579706C00B024BD;
			productRefGroup = 91AF2CBC2579706C00B024BD /* Products */;
			projectDirPath = "";
			projectRoot = "";
			targets = (
				91AF2CBA2579706C00B024BD /* CardWorkout-PRO */,
			);
		};
/* End PBXProject section */

/* Begin PBXResourcesBuildPhase section */
		91AF2CB92579706C00B024BD /* Resources */ = {
			isa = PBXResourcesBuildPhase;
			buildActionMask = 2147483647;
			files = (
				91AF2CCB2579706F00B024BD /* LaunchScreen.storyboard in Resources */,
				91AF2CC82579706F00B024BD /* Assets.xcassets in Resources */,
				91AF2CC62579706C00B024BD /* Main.storyboard in Resources */,
			);
			runOnlyForDeploymentPostprocessing = 0;
		};
/* End PBXResourcesBuildPhase section */

/* Begin PBXSourcesBuildPhase section */
		91AF2CB72579706C00B024BD /* Sources */ = {
			isa = PBXSourcesBuildPhase;
			buildActionMask = 2147483647;
			files = (
				91AF2CC32579706C00B024BD /* ViewController.swift in Sources */,
				91AF2CBF2579706C00B024BD /* AppDelegate.swift in Sources */,
				91AF2CC12579706C00B024BD /* SceneDelegate.swift in Sources */,
			);
			runOnlyForDeploymentPostprocessing = 0;
		};
/* End PBXSourcesBuildPhase section */

/* Begin PBXVariantGroup section */
		91AF2CC42579706C00B024BD /* Main.storyboard */ = {
			isa = PBXVariantGroup;
			children = (
				91AF2CC52579706C00B024BD /* Base */,
			);
			name = Main.storyboard;
			sourceTree = "<group>";
		};
		91AF2CC92579706F00B024BD /* LaunchScreen.storyboard */ = {
			isa = PBXVariantGroup;
			children = (
				91AF2CCA2579706F00B024BD /* Base */,
			);
			name = LaunchScreen.storyboard;
			sourceTree = "<group>";
		};
/* End PBXVariantGroup section */

/* Begin XCBuildConfiguration section */
		91AF2CCD2579706F00B024BD /* Debug */ = {
			isa = XCBuildConfiguration;
			buildSettings = {
				ALWAYS_SEARCH_USER_PATHS = NO;
				CLANG_ANALYZER_NONNULL = YES;
				CLANG_ANALYZER_NUMBER_OBJECT_CONVERSION = YES_AGGRESSIVE;
				CLANG_CXX_LANGUAGE_STANDARD = "gnu++14";
				CLANG_CXX_LIBRARY = "libc++";
				CLANG_ENABLE_MODULES = YES;
				CLANG_ENABLE_OBJC_ARC = YES;
				CLANG_ENABLE_OBJC_WEAK = YES;
				CLANG_WARN_BLOCK_CAPTURE_AUTORELEASING = YES;
				CLANG_WARN_BOOL_CONVERSION = YES;
				CLANG_WARN_COMMA = YES;
				CLANG_WARN_CONSTANT_CONVERSION = YES;
				CLANG_WARN_DEPRECATED_OBJC_IMPLEMENTATIONS = YES;
				CLANG_WARN_DIRECT_OBJC_ISA_USAGE = YES_ERROR;
				CLANG_WARN_DOCUMENTATION_COMMENTS = YES;
				CLANG_WARN_EMPTY_BODY = YES;
				CLANG_WARN_ENUM_CONVERSION = YES;
				CLANG_WARN_INFINITE_RECURSION = YES;
				CLANG_WARN_INT_CONVERSION = YES;
				CLANG_WARN_NON_LITERAL_NULL_CONVERSION = YES;
				CLANG_WARN_OBJC_IMPLICIT_RETAIN_SELF = YES;
				CLANG_WARN_OBJC_LITERAL_CONVERSION = YES;
				CLANG_WARN_OBJC_ROOT_CLASS = YES_ERROR;
				CLANG_WARN_QUOTED_INCLUDE_IN_FRAMEWORK_HEADER = YES;
				CLANG_WARN_RANGE_LOOP_ANALYSIS = YES;
				CLANG_WARN_STRICT_PROTOTYPES = YES;
				CLANG_WARN_SUSPICIOUS_MOVE = YES;
				CLANG_WARN_UNGUARDED_AVAILABILITY = YES_AGGRESSIVE;
				CLANG_WARN_UNREACHABLE_CODE = YES;
				CLANG_WARN__DUPLICATE_METHOD_MATCH = YES;
				COPY_PHASE_STRIP = NO;
				DEBUG_INFORMATION_FORMAT = dwarf;
				ENABLE_STRICT_OBJC_MSGSEND = YES;
				ENABLE_TESTABILITY = YES;
				GCC_C_LANGUAGE_STANDARD = gnu11;
				GCC_DYNAMIC_NO_PIC = NO;
				GCC_NO_COMMON_BLOCKS = YES;
				GCC_OPTIMIZATION_LEVEL = 0;
				GCC_PREPROCESSOR_DEFINITIONS = (
					"DEBUG=1",
					"$(inherited)",
				);
				GCC_WARN_64_TO_32_BIT_CONVERSION = YES;
				GCC_WARN_ABOUT_RETURN_TYPE = YES_ERROR;
				GCC_WARN_UNDECLARED_SELECTOR = YES;
				GCC_WARN_UNINITIALIZED_AUTOS = YES_AGGRESSIVE;
				GCC_WARN_UNUSED_FUNCTION = YES;
				GCC_WARN_UNUSED_VARIABLE = YES;
				IPHONEOS_DEPLOYMENT_TARGET = 14.2;
				MTL_ENABLE_DEBUG_INFO = INCLUDE_SOURCE;
				MTL_FAST_MATH = YES;
				ONLY_ACTIVE_ARCH = YES;
				SDKROOT = iphoneos;
				SWIFT_ACTIVE_COMPILATION_CONDITIONS = DEBUG;
				SWIFT_OPTIMIZATION_LEVEL = "-Onone";
			};
			name = Debug;
		};
		91AF2CCE2579706F00B024BD /* Release */ = {
			isa = XCBuildConfiguration;
			buildSettings = {
				ALWAYS_SEARCH_USER_PATHS = NO;
				CLANG_ANALYZER_NONNULL = YES;
				CLANG_ANALYZER_NUMBER_OBJECT_CONVERSION = YES_AGGRESSIVE;
				CLANG_CXX_LANGUAGE_STANDARD = "gnu++14";
				CLANG_CXX_LIBRARY = "libc++";
				CLANG_ENABLE_MODULES = YES;
				CLANG_ENABLE_OBJC_ARC = YES;
				CLANG_ENABLE_OBJC_WEAK = YES;
				CLANG_WARN_BLOCK_CAPTURE_AUTORELEASING = YES;
				CLANG_WARN_BOOL_CONVERSION = YES;
				CLANG_WARN_COMMA = YES;
				CLANG_WARN_CONSTANT_CONVERSION = YES;
				CLANG_WARN_DEPRECATED_OBJC_IMPLEMENTATIONS = YES;
				CLANG_WARN_DIRECT_OBJC_ISA_USAGE = YES_ERROR;
				CLANG_WARN_DOCUMENTATION_COMMENTS = YES;
				CLANG_WARN_EMPTY_BODY = YES;
				CLANG_WARN_ENUM_CONVERSION = YES;
				CLANG_WARN_INFINITE_RECURSION = YES;
				CLANG_WARN_INT_CONVERSION = YES;
				CLANG_WARN_NON_LITERAL_NULL_CONVERSION = YES;
				CLANG_WARN_OBJC_IMPLICIT_RETAIN_SELF = YES;
				CLANG_WARN_OBJC_LITERAL_CONVERSION = YES;
				CLANG_WARN_OBJC_ROOT_CLASS = YES_ERROR;
				CLANG_WARN_QUOTED_INCLUDE_IN_FRAMEWORK_HEADER = YES;
				CLANG_WARN_RANGE_LOOP_ANALYSIS = YES;
				CLANG_WARN_STRICT_PROTOTYPES = YES;
				CLANG_WARN_SUSPICIOUS_MOVE = YES;
				CLANG_WARN_UNGUARDED_AVAILABILITY = YES_AGGRESSIVE;
				CLANG_WARN_UNREACHABLE_CODE = YES;
				CLANG_WARN__DUPLICATE_METHOD_MATCH = YES;
				COPY_PHASE_STRIP = NO;
				DEBUG_INFORMATION_FORMAT = "dwarf-with-dsym";
				ENABLE_NS_ASSERTIONS = NO;
				ENABLE_STRICT_OBJC_MSGSEND = YES;
				GCC_C_LANGUAGE_STANDARD = gnu11;
				GCC_NO_COMMON_BLOCKS = YES;
				GCC_WARN_64_TO_32_BIT_CONVERSION = YES;
				GCC_WARN_ABOUT_RETURN_TYPE = YES_ERROR;
				GCC_WARN_UNDECLARED_SELECTOR = YES;
				GCC_WARN_UNINITIALIZED_AUTOS = YES_AGGRESSIVE;
				GCC_WARN_UNUSED_FUNCTION = YES;
				GCC_WARN_UNUSED_VARIABLE = YES;
				IPHONEOS_DEPLOYMENT_TARGET = 14.2;
				MTL_ENABLE_DEBUG_INFO = NO;
				MTL_FAST_MATH = YES;
				SDKROOT = iphoneos;
				SWIFT_COMPILATION_MODE = wholemodule;
				SWIFT_OPTIMIZATION_LEVEL = "-O";
				VALIDATE_PRODUCT = YES;
			};
			name = Release;
		};
		91AF2CD02579706F00B024BD /* Debug */ = {
			isa = XCBuildConfiguration;
			buildSettings = {
				ASSETCATALOG_COMPILER_APPICON_NAME = AppIcon;
				ASSETCATALOG_COMPILER_GLOBAL_ACCENT_COLOR_NAME = AccentColor;
				CODE_SIGN_STYLE = Automatic;
				DEVELOPMENT_TEAM = 8R9MN7EWJ6;
				INFOPLIST_FILE = "CardWorkout-PRO/Info.plist";
				LD_RUNPATH_SEARCH_PATHS = (
					"$(inherited)",
					"@executable_path/Frameworks",
				);
				PRODUCT_BUNDLE_IDENTIFIER = "com.mpixeldd.CardWorkout-PRO";
				PRODUCT_NAME = "$(TARGET_NAME)";
				SWIFT_VERSION = 5.0;
				TARGETED_DEVICE_FAMILY = "1,2";
			};
			name = Debug;
		};
		91AF2CD12579706F00B024BD /* Release */ = {
			isa = XCBuildConfiguration;
			buildSettings = {
				ASSETCATALOG_COMPILER_APPICON_NAME = AppIcon;
				ASSETCATALOG_COMPILER_GLOBAL_ACCENT_COLOR_NAME = AccentColor;
				CODE_SIGN_STYLE = Automatic;
				DEVELOPMENT_TEAM = 8R9MN7EWJ6;
				INFOPLIST_FILE = "CardWorkout-PRO/Info.plist";
				LD_RUNPATH_SEARCH_PATHS = (
					"$(inherited)",
					"@executable_path/Frameworks",
				);
				PRODUCT_BUNDLE_IDENTIFIER = "com.mpixeldd.CardWorkout-PRO";
				PRODUCT_NAME = "$(TARGET_NAME)";
				SWIFT_VERSION = 5.0;
				TARGETED_DEVICE_FAMILY = "1,2";
			};
			name = Release;
		};
/* End XCBuildConfiguration section */

/* Begin XCConfigurationList section */
		91AF2CB62579706C00B024BD /* Build configuration list for PBXProject "CardWorkout-PRO" */ = {
			isa = XCConfigurationList;
			buildConfigurations = (
				91AF2CCD2579706F00B024BD /* Debug */,
				91AF2CCE2579706F00B024BD /* Release */,
			);
			defaultConfigurationIsVisible = 0;
			defaultConfigurationName = Release;
		};
		91AF2CCF2579706F00B024BD /* Build configuration list for PBXNativeTarget "CardWorkout-PRO" */ = {
			isa = XCConfigurationList;
			buildConfigurations = (
				91AF2CD02579706F00B024BD /* Debug */,
				91AF2CD12579706F00B024BD /* Release */,
			);
			defaultConfigurationIsVisible = 0;
			defaultConfigurationName = Release;
		};
/* End XCConfigurationList section */
	};
	rootObject = 91AF2CB32579706C00B024BD /* Project object */;
}
